
Microsoft Visual Studio Solution File, Format Version 11.00
# Visual Studio 2010
Project("{FAE04EC0-301F-11D3-BF4B-00C04F79EFBC}") = "MemoryPINGui", "MemoryPINGui\MemoryPINGui.csproj", "{13D84687-EFCD-4F4F-8D97-25CE63AA2A44}"
EndProject
Project("{8BC9CEB8-8B4A-11D0-8D11-00A0C91BC942}") = "NativeProcessor", "NativeProcessor\NativeProcessor.vcxproj", "{F6EF452C-B75F-4658-98A7-9FF0C0780CAA}"
EndProject
Project("{8BC9CEB8-8B4A-11D0-8D11-00A0C91BC942}") = "OGDFVisuals", "OGDFVisuals\OGDFVisuals.vcxproj", "{E2B14149-C1AD-4AEC-A049-0CB3841C11D0}"
EndProject
Project("{888888A0-9F3D-457C-B088-3A5042F75D52}") = "IronPyMemPin", "IronPyMemPin\IronPyMemPin.pyproj", "{74AE68D1-BA25-4A5D-AF3C-00B19284A937}"
EndProject
Project("{888888A0-9F3D-457C-B088-3A5042F75D52}") = "WpfApplication1", "WpfApplication1\WpfApplication1.pyproj", "{2E6BE971-D3F7-4FF7-9047-02CBD7C40DAC}"
EndProject
Project("{888888A0-9F3D-457C-B088-3A5042F75D52}") = "PyMemPin", "PyMemPin\PyMemPin.pyproj", "{31A249FB-22B3-43C1-85A2-EF7924F7EFA7}"
EndProject
Global
	GlobalSection(SolutionConfigurationPlatforms) = preSolution
		Debug|Any CPU = Debug|Any CPU
		Debug|Mixed Platforms = Debug|Mixed Platforms
		Debug|Win32 = Debug|Win32
		Debug|x86 = Debug|x86
		Release|Any CPU = Release|Any CPU
		Release|Mixed Platforms = Release|Mixed Platforms
		Release|Win32 = Release|Win32
		Release|x86 = Release|x86
	EndGlobalSection
	GlobalSection(ProjectConfigurationPlatforms) = postSolution
		{13D84687-EFCD-4F4F-8D97-25CE63AA2A44}.Debug|Any CPU.ActiveCfg = Debug|x86
		{13D84687-EFCD-4F4F-8D97-25CE63AA2A44}.Debug|Mixed Platforms.ActiveCfg = Debug|x86
		{13D84687-EFCD-4F4F-8D97-25CE63AA2A44}.Debug|Mixed Platforms.Build.0 = Debug|x86
		{13D84687-EFCD-4F4F-8D97-25CE63AA2A44}.Debug|Win32.ActiveCfg = Debug|x86
		{13D84687-EFCD-4F4F-8D97-25CE63AA2A44}.Debug|x86.ActiveCfg = Debug|x86
		{13D84687-EFCD-4F4F-8D97-25CE63AA2A44}.Debug|x86.Build.0 = Debug|x86
		{13D84687-EFCD-4F4F-8D97-25CE63AA2A44}.Release|Any CPU.ActiveCfg = Release|x86
		{13D84687-EFCD-4F4F-8D97-25CE63AA2A44}.Release|Mixed Platforms.ActiveCfg = Release|x86
		{13D84687-EFCD-4F4F-8D97-25CE63AA2A44}.Release|Mixed Platforms.Build.0 = Release|x86
		{13D84687-EFCD-4F4F-8D97-25CE63AA2A44}.Release|Win32.ActiveCfg = Release|x86
		{13D84687-EFCD-4F4F-8D97-25CE63AA2A44}.Release|x86.ActiveCfg = Release|x86
		{13D84687-EFCD-4F4F-8D97-25CE63AA2A44}.Release|x86.Build.0 = Release|x86
		{F6EF452C-B75F-4658-98A7-9FF0C0780CAA}.Debug|Any CPU.ActiveCfg = Debug|Win32
		{F6EF452C-B75F-4658-98A7-9FF0C0780CAA}.Debug|Mixed Platforms.ActiveCfg = Debug|Win32
		{F6EF452C-B75F-4658-98A7-9FF0C0780CAA}.Debug|Mixed Platforms.Build.0 = Debug|Win32
		{F6EF452C-B75F-4658-98A7-9FF0C0780CAA}.Debug|Win32.ActiveCfg = Debug|Win32
		{F6EF452C-B75F-4658-98A7-9FF0C0780CAA}.Debug|Win32.Build.0 = Debug|Win32
		{F6EF452C-B75F-4658-98A7-9FF0C0780CAA}.Debug|x86.ActiveCfg = Debug|Win32
		{F6EF452C-B75F-4658-98A7-9FF0C0780CAA}.Release|Any CPU.ActiveCfg = Release|Win32
		{F6EF452C-B75F-4658-98A7-9FF0C0780CAA}.Release|Mixed Platforms.ActiveCfg = Release|Win32
		{F6EF452C-B75F-4658-98A7-9FF0C0780CAA}.Release|Mixed Platforms.Build.0 = Release|Win32
		{F6EF452C-B75F-4658-98A7-9FF0C0780CAA}.Release|Win32.ActiveCfg = Release|Win32
		{F6EF452C-B75F-4658-98A7-9FF0C0780CAA}.Release|Win32.Build.0 = Release|Win32
		{F6EF452C-B75F-4658-98A7-9FF0C0780CAA}.Release|x86.ActiveCfg = Release|Win32
		{E2B14149-C1AD-4AEC-A049-0CB3841C11D0}.Debug|Any CPU.ActiveCfg = Debug|Win32
		{E2B14149-C1AD-4AEC-A049-0CB3841C11D0}.Debug|Mixed Platforms.ActiveCfg = Debug|Win32
		{E2B14149-C1AD-4AEC-A049-0CB3841C11D0}.Debug|Mixed Platforms.Build.0 = Debug|Win32
		{E2B14149-C1AD-4AEC-A049-0CB3841C11D0}.Debug|Win32.ActiveCfg = Debug|Win32
		{E2B14149-C1AD-4AEC-A049-0CB3841C11D0}.Debug|Win32.Build.0 = Debug|Win32
		{E2B14149-C1AD-4AEC-A049-0CB3841C11D0}.Debug|x86.ActiveCfg = Debug|Win32
		{E2B14149-C1AD-4AEC-A049-0CB3841C11D0}.Release|Any CPU.ActiveCfg = Release|Win32
		{E2B14149-C1AD-4AEC-A049-0CB3841C11D0}.Release|Mixed Platforms.ActiveCfg = Release|Win32
		{E2B14149-C1AD-4AEC-A049-0CB3841C11D0}.Release|Mixed Platforms.Build.0 = Release|Win32
		{E2B14149-C1AD-4AEC-A049-0CB3841C11D0}.Release|Win32.ActiveCfg = Release|Win32
		{E2B14149-C1AD-4AEC-A049-0CB3841C11D0}.Release|Win32.Build.0 = Release|Win32
		{E2B14149-C1AD-4AEC-A049-0CB3841C11D0}.Release|x86.ActiveCfg = Release|Win32
		{74AE68D1-BA25-4A5D-AF3C-00B19284A937}.Debug|Any CPU.ActiveCfg = Debug|Any CPU
		{74AE68D1-BA25-4A5D-AF3C-00B19284A937}.Debug|Any CPU.Build.0 = Debug|Any CPU
		{74AE68D1-BA25-4A5D-AF3C-00B19284A937}.Debug|Mixed Platforms.ActiveCfg = Debug|Any CPU
		{74AE68D1-BA25-4A5D-AF3C-00B19284A937}.Debug|Mixed Platforms.Build.0 = Debug|Any CPU
		{74AE68D1-BA25-4A5D-AF3C-00B19284A937}.Debug|Win32.ActiveCfg = Debug|Any CPU
		{74AE68D1-BA25-4A5D-AF3C-00B19284A937}.Debug|x86.ActiveCfg = Debug|Any CPU
		{74AE68D1-BA25-4A5D-AF3C-00B19284A937}.Release|Any CPU.ActiveCfg = Release|Any CPU
		{74AE68D1-BA25-4A5D-AF3C-00B19284A937}.Release|Any CPU.Build.0 = Release|Any CPU
		{74AE68D1-BA25-4A5D-AF3C-00B19284A937}.Release|Mixed Platforms.ActiveCfg = Release|Any CPU
		{74AE68D1-BA25-4A5D-AF3C-00B19284A937}.Release|Mixed Platforms.Build.0 = Release|Any CPU
		{74AE68D1-BA25-4A5D-AF3C-00B19284A937}.Release|Win32.ActiveCfg = Release|Any CPU
		{74AE68D1-BA25-4A5D-AF3C-00B19284A937}.Release|x86.ActiveCfg = Release|Any CPU
		{2E6BE971-D3F7-4FF7-9047-02CBD7C40DAC}.Debug|Any CPU.ActiveCfg = Debug|Any CPU
		{2E6BE971-D3F7-4FF7-9047-02CBD7C40DAC}.Debug|Any CPU.Build.0 = Debug|Any CPU
		{2E6BE971-D3F7-4FF7-9047-02CBD7C40DAC}.Debug|Mixed Platforms.ActiveCfg = Debug|Any CPU
		{2E6BE971-D3F7-4FF7-9047-02CBD7C40DAC}.Debug|Mixed Platforms.Build.0 = Debug|Any CPU
		{2E6BE971-D3F7-4FF7-9047-02CBD7C40DAC}.Debug|Win32.ActiveCfg = Debug|Any CPU
		{2E6BE971-D3F7-4FF7-9047-02CBD7C40DAC}.Debug|x86.ActiveCfg = Debug|Any CPU
		{2E6BE971-D3F7-4FF7-9047-02CBD7C40DAC}.Release|Any CPU.ActiveCfg = Release|Any CPU
		{2E6BE971-D3F7-4FF7-9047-02CBD7C40DAC}.Release|Any CPU.Build.0 = Release|Any CPU
		{2E6BE971-D3F7-4FF7-9047-02CBD7C40DAC}.Release|Mixed Platforms.ActiveCfg = Release|Any CPU
		{2E6BE971-D3F7-4FF7-9047-02CBD7C40DAC}.Release|Mixed Platforms.Build.0 = Release|Any CPU
		{2E6BE971-D3F7-4FF7-9047-02CBD7C40DAC}.Release|Win32.ActiveCfg = Release|Any CPU
		{2E6BE971-D3F7-4FF7-9047-02CBD7C40DAC}.Release|x86.ActiveCfg = Release|Any CPU
		{31A249FB-22B3-43C1-85A2-EF7924F7EFA7}.Debug|Any CPU.ActiveCfg = Debug|Any CPU
		{31A249FB-22B3-43C1-85A2-EF7924F7EFA7}.Debug|Any CPU.Build.0 = Debug|Any CPU
		{31A249FB-22B3-43C1-85A2-EF7924F7EFA7}.Debug|Mixed Platforms.ActiveCfg = Debug|Any CPU
		{31A249FB-22B3-43C1-85A2-EF7924F7EFA7}.Debug|Mixed Platforms.Build.0 = Debug|Any CPU
		{31A249FB-22B3-43C1-85A2-EF7924F7EFA7}.Debug|Win32.ActiveCfg = Debug|Any CPU
		{31A249FB-22B3-43C1-85A2-EF7924F7EFA7}.Debug|x86.ActiveCfg = Debug|Any CPU
		{31A249FB-22B3-43C1-85A2-EF7924F7EFA7}.Release|Any CPU.ActiveCfg = Release|Any CPU
		{31A249FB-22B3-43C1-85A2-EF7924F7EFA7}.Release|Any CPU.Build.0 = Release|Any CPU
		{31A249FB-22B3-43C1-85A2-EF7924F7EFA7}.Release|Mixed Platforms.ActiveCfg = Release|Any CPU
		{31A249FB-22B3-43C1-85A2-EF7924F7EFA7}.Release|Mixed Platforms.Build.0 = Release|Any CPU
		{31A249FB-22B3-43C1-85A2-EF7924F7EFA7}.Release|Win32.ActiveCfg = Release|Any CPU
		{31A249FB-22B3-43C1-85A2-EF7924F7EFA7}.Release|x86.ActiveCfg = Release|Any CPU
	EndGlobalSection
	GlobalSection(SolutionProperties) = preSolution
		HideSolutionNode = FALSE
	EndGlobalSection
EndGlobal
